// !$*UTF8*$!
{
	archiveVersion = 1;
	classes = {
	};
	objectVersion = 50;
	objects = {

/* Begin PBXFileReference section */
		EC0DB82824ABBD030070DD80 /* activate_this.py */ = {isa = PBXFileReference; lastKnownFileType = text.script.python; path = activate_this.py; sourceTree = "<group>"; };
		EC23492524AF020200537F78 /* testarea */ = {isa = PBXFileReference; lastKnownFileType = folder; name = testarea; path = ../../Sites/testarea; sourceTree = "<group>"; };
		EC3010F024A31FE9000E2C84 /* models.py */ = {isa = PBXFileReference; lastKnownFileType = text.script.python; path = models.py; sourceTree = "<group>"; };
		EC3010F124A3205C000E2C84 /* apps.py */ = {isa = PBXFileReference; lastKnownFileType = text.script.python; path = apps.py; sourceTree = "<group>"; };
		EC3010F224A3206A000E2C84 /* admin.py */ = {isa = PBXFileReference; lastKnownFileType = text.script.python; path = admin.py; sourceTree = "<group>"; };
		EC3010F324A3207D000E2C84 /* template.py */ = {isa = PBXFileReference; lastKnownFileType = text.script.python; path = template.py; sourceTree = "<group>"; };
		EC3010F424A32097000E2C84 /* views.py */ = {isa = PBXFileReference; lastKnownFileType = text.script.python; path = views.py; sourceTree = "<group>"; };
		EC3010F524A320A9000E2C84 /* urls.py */ = {isa = PBXFileReference; lastKnownFileType = text.script.python; path = urls.py; sourceTree = "<group>"; };
		EC3010F724A320CC000E2C84 /* models.py */ = {isa = PBXFileReference; lastKnownFileType = text.script.python; path = models.py; sourceTree = "<group>"; };
		EC3010F824A320D8000E2C84 /* apps.py */ = {isa = PBXFileReference; lastKnownFileType = text.script.python; path = apps.py; sourceTree = "<group>"; };
		EC3010F924A320E1000E2C84 /* admin.py */ = {isa = PBXFileReference; lastKnownFileType = text.script.python; path = admin.py; sourceTree = "<group>"; };
		EC3010FA24A320EC000E2C84 /* urls.py */ = {isa = PBXFileReference; lastKnownFileType = text.script.python; path = urls.py; sourceTree = "<group>"; };
		EC3010FB24A320FE000E2C84 /* views.py */ = {isa = PBXFileReference; lastKnownFileType = text.script.python; path = views.py; sourceTree = "<group>"; };
		EC3010FE24A32136000E2C84 /* page.html */ = {isa = PBXFileReference; lastKnownFileType = text.html; path = page.html; sourceTree = "<group>"; };
		EC30110224A32162000E2C84 /* settings.py */ = {isa = PBXFileReference; lastKnownFileType = text.script.python; path = settings.py; sourceTree = "<group>"; };
		EC30110324A32176000E2C84 /* urls.py */ = {isa = PBXFileReference; lastKnownFileType = text.script.python; path = urls.py; sourceTree = "<group>"; };
		EC30110424A32182000E2C84 /* wsgi.py */ = {isa = PBXFileReference; lastKnownFileType = text.script.python; path = wsgi.py; sourceTree = "<group>"; };
		EC30110524A3218B000E2C84 /* asgi.py */ = {isa = PBXFileReference; lastKnownFileType = text.script.python; path = asgi.py; sourceTree = "<group>"; };
		EC30110624A321B6000E2C84 /* __init__.py */ = {isa = PBXFileReference; lastKnownFileType = text.script.python; path = __init__.py; sourceTree = "<group>"; };
		EC30110724A321BF000E2C84 /* __init__.py */ = {isa = PBXFileReference; lastKnownFileType = text.script.python; path = __init__.py; sourceTree = "<group>"; };
		EC30110824A321C9000E2C84 /* __init__.py */ = {isa = PBXFileReference; lastKnownFileType = text.script.python; path = __init__.py; sourceTree = "<group>"; };
		EC30110924A321D2000E2C84 /* __init__.py */ = {isa = PBXFileReference; lastKnownFileType = text.script.python; path = __init__.py; sourceTree = "<group>"; };
		EC37860E24A3A8A300B7AB9F /* tests.py */ = {isa = PBXFileReference; lastKnownFileType = text.script.python; path = tests.py; sourceTree = "<group>"; };
		EC37860F24A3A8B000B7AB9F /* tests.py */ = {isa = PBXFileReference; lastKnownFileType = text.script.python; path = tests.py; sourceTree = "<group>"; };
		EC37861024A3A92B00B7AB9F /* manage.py */ = {isa = PBXFileReference; lastKnownFileType = text.script.python; path = manage.py; sourceTree = "<group>"; };
		EC54499F249466C2000BB8A2 /* __init__.py */ = {isa = PBXFileReference; lastKnownFileType = text.script.python; path = __init__.py; sourceTree = "<group>"; };
		EC5449A024946722000BB8A2 /* apps.py */ = {isa = PBXFileReference; lastKnownFileType = text.script.python; path = apps.py; sourceTree = "<group>"; };
		EC5449A4249467B7000BB8A2 /* __init__.py */ = {isa = PBXFileReference; lastKnownFileType = text.script.python; path = __init__.py; sourceTree = "<group>"; };
		EC5449A5249467DE000BB8A2 /* utilities.sql */ = {isa = PBXFileReference; lastKnownFileType = text; path = utilities.sql; sourceTree = "<group>"; };
		EC5449A72494682B000BB8A2 /* __init__.py */ = {isa = PBXFileReference; lastKnownFileType = text.script.python; path = __init__.py; sourceTree = "<group>"; };
		EC5449A824946847000BB8A2 /* fields.py */ = {isa = PBXFileReference; lastKnownFileType = text.script.python; path = fields.py; sourceTree = "<group>"; };
		EC5449A92494685C000BB8A2 /* materializedviews.py */ = {isa = PBXFileReference; lastKnownFileType = text.script.python; path = materializedviews.py; sourceTree = "<group>"; };
		EC5449AD249468CF000BB8A2 /* __init__.py */ = {isa = PBXFileReference; lastKnownFileType = text.script.python; path = __init__.py; sourceTree = "<group>"; };
		EC5449AE249468E6000BB8A2 /* __init__.py */ = {isa = PBXFileReference; lastKnownFileType = text.script.python; path = __init__.py; sourceTree = "<group>"; };
		EC5449AF249468F3000BB8A2 /* __init__.py */ = {isa = PBXFileReference; lastKnownFileType = text.script.python; path = __init__.py; sourceTree = "<group>"; };
		EC5449B024946910000BB8A2 /* cache.py */ = {isa = PBXFileReference; lastKnownFileType = text.script.python; path = cache.py; sourceTree = "<group>"; };
		EC5449B124946930000BB8A2 /* listpreparedstatements.py */ = {isa = PBXFileReference; lastKnownFileType = text.script.python; path = listpreparedstatements.py; sourceTree = "<group>"; };
		EC5449B224946956000BB8A2 /* materializedviews.py */ = {isa = PBXFileReference; lastKnownFileType = text.script.python; path = materializedviews.py; sourceTree = "<group>"; };
		EC5449B324946974000BB8A2 /* triggers.py */ = {isa = PBXFileReference; lastKnownFileType = text.script.python; path = triggers.py; sourceTree = "<group>"; };
		EC5449B4249469DF000BB8A2 /* cache_mule.py */ = {isa = PBXFileReference; lastKnownFileType = text.script.python; path = cache_mule.py; sourceTree = "<group>"; };
		EC5449B524946A1F000BB8A2 /* invalidator.py */ = {isa = PBXFileReference; lastKnownFileType = text.script.python; path = invalidator.py; sourceTree = "<group>"; };
		EC5449B624946CB2000BB8A2 /* middleware.py */ = {isa = PBXFileReference; lastKnownFileType = text.script.python; path = middleware.py; sourceTree = "<group>"; };
		EC5449B824946CEF000BB8A2 /* __init__.py */ = {isa = PBXFileReference; lastKnownFileType = text.script.python; path = __init__.py; sourceTree = "<group>"; };
		EC5449BD24946DC5000BB8A2 /* __init__.py */ = {isa = PBXFileReference; lastKnownFileType = text.script.python; path = __init__.py; sourceTree = "<group>"; };
		EC5449C2249471A7000BB8A2 /* __init__.py */ = {isa = PBXFileReference; lastKnownFileType = text.script.python; path = __init__.py; sourceTree = "<group>"; };
		EC5449C4249471DC000BB8A2 /* __init__.py */ = {isa = PBXFileReference; lastKnownFileType = text.script.python; path = __init__.py; sourceTree = "<group>"; };
		EC5449C5249471F3000BB8A2 /* component.py */ = {isa = PBXFileReference; lastKnownFileType = text.script.python; path = component.py; sourceTree = "<group>"; };
		EC5449C6249471FE000BB8A2 /* components.py */ = {isa = PBXFileReference; lastKnownFileType = text.script.python; path = components.py; sourceTree = "<group>"; };
		EC5449C724947211000BB8A2 /* div.py */ = {isa = PBXFileReference; lastKnownFileType = text.script.python; path = div.py; sourceTree = "<group>"; };
		EC5449C82494721F000BB8A2 /* raw.py */ = {isa = PBXFileReference; lastKnownFileType = text.script.python; path = raw.py; sourceTree = "<group>"; };
		EC5449C92494722E000BB8A2 /* table.py */ = {isa = PBXFileReference; lastKnownFileType = text.script.python; path = table.py; sourceTree = "<group>"; };
		EC5449CB249472A3000BB8A2 /* __init__.py */ = {isa = PBXFileReference; lastKnownFileType = text.script.python; path = __init__.py; sourceTree = "<group>"; };
		EC5449CC249472BD000BB8A2 /* default.py */ = {isa = PBXFileReference; lastKnownFileType = text.script.python; path = default.py; sourceTree = "<group>"; };
		EC5449CD2494734A000BB8A2 /* errors.py */ = {isa = PBXFileReference; lastKnownFileType = text.script.python; path = errors.py; sourceTree = "<group>"; };
		EC5449CE2494737D000BB8A2 /* template.py */ = {isa = PBXFileReference; lastKnownFileType = text.script.python; path = template.py; sourceTree = "<group>"; };
		EC5449CF249473F3000BB8A2 /* tests.py */ = {isa = PBXFileReference; lastKnownFileType = text.script.python; path = tests.py; sourceTree = "<group>"; };
		EC5449D124947438000BB8A2 /* __init__.py */ = {isa = PBXFileReference; lastKnownFileType = text.script.python; path = __init__.py; sourceTree = "<group>"; };
		EC5449D22494746A000BB8A2 /* base.py */ = {isa = PBXFileReference; lastKnownFileType = text.script.python; path = base.py; sourceTree = "<group>"; };
		EC5449D3249474E4000BB8A2 /* errors.py */ = {isa = PBXFileReference; lastKnownFileType = text.script.python; path = errors.py; sourceTree = "<group>"; };
		EC5449D424947514000BB8A2 /* generic.py */ = {isa = PBXFileReference; lastKnownFileType = text.script.python; path = generic.py; sourceTree = "<group>"; };
		EC5449D52494754C000BB8A2 /* zip.py */ = {isa = PBXFileReference; lastKnownFileType = text.script.python; path = zip.py; sourceTree = "<group>"; };
		EC5449D724947625000BB8A2 /* signals.py */ = {isa = PBXFileReference; lastKnownFileType = text.script.python; path = signals.py; sourceTree = "<group>"; };
		EC5449D9249476FB000BB8A2 /* logger.py */ = {isa = PBXFileReference; lastKnownFileType = text.script.python; path = logger.py; sourceTree = "<group>"; };
		EC5449DA249477AF000BB8A2 /* logging_mule.py */ = {isa = PBXFileReference; lastKnownFileType = text.script.python; path = logging_mule.py; sourceTree = "<group>"; };
		EC6FB42424B14B820042396A /* development.py */ = {isa = PBXFileReference; lastKnownFileType = text.script.python; path = development.py; sourceTree = "<group>"; };
		EC6FB42524B14DF00042396A /* development.py */ = {isa = PBXFileReference; lastKnownFileType = text.script.python; path = development.py; sourceTree = "<group>"; };
		EC6FB42824B3D0A90042396A /* __init__.py */ = {isa = PBXFileReference; lastKnownFileType = text.script.python; path = __init__.py; sourceTree = "<group>"; };
		EC6FB42A24B694510042396A /* currency.py */ = {isa = PBXFileReference; lastKnownFileType = text.script.python; path = currency.py; sourceTree = "<group>"; };
		EC867D1E24C11045002CA3E3 /* modelwriter.py */ = {isa = PBXFileReference; lastKnownFileType = text.script.python; path = modelwriter.py; sourceTree = "<group>"; };
		ECBCB0A824980A6E0097C2FA /* README.rst */ = {isa = PBXFileReference; lastKnownFileType = text; path = README.rst; sourceTree = "<group>"; };
		ECBCB0A92498175D0097C2FA /* LICENSE */ = {isa = PBXFileReference; lastKnownFileType = text; path = LICENSE; sourceTree = "<group>"; };
		ECBCB0AA249817C90097C2FA /* setup.cfg */ = {isa = PBXFileReference; lastKnownFileType = text; path = setup.cfg; sourceTree = "<group>"; };
		ECBCB0AB249818A20097C2FA /* setup.py */ = {isa = PBXFileReference; lastKnownFileType = text.script.python; path = setup.py; sourceTree = "<group>"; };
		ECBCB0AC249818D40097C2FA /* MANIFEST.in */ = {isa = PBXFileReference; lastKnownFileType = text; path = MANIFEST.in; sourceTree = "<group>"; };
		ECBCB0B4249879CA0097C2FA /* logging.sql */ = {isa = PBXFileReference; lastKnownFileType = text; path = logging.sql; sourceTree = "<group>"; };
		ECBCB0C02498923A0097C2FA /* iso15924-utf8-20190819.txt */ = {isa = PBXFileReference; lastKnownFileType = text; path = "iso15924-utf8-20190819.txt"; sourceTree = "<group>"; };
		ECBCB0C3249892740097C2FA /* iso-639-3_20200130.tab */ = {isa = PBXFileReference; lastKnownFileType = text; path = "iso-639-3_20200130.tab"; sourceTree = "<group>"; };
		ECBCB0C4249892CB0097C2FA /* iso-639-3_Name_Index_20200130.tab */ = {isa = PBXFileReference; lastKnownFileType = text; path = "iso-639-3_Name_Index_20200130.tab"; sourceTree = "<group>"; };
		ECBCB0C5249892E90097C2FA /* iso-639-3_Retirements_20200130.tab */ = {isa = PBXFileReference; lastKnownFileType = text; path = "iso-639-3_Retirements_20200130.tab"; sourceTree = "<group>"; };
		ECBCB0C6249892FD0097C2FA /* iso-639-3-macrolanguages_20200130.tab */ = {isa = PBXFileReference; lastKnownFileType = text; path = "iso-639-3-macrolanguages_20200130.tab"; sourceTree = "<group>"; };
		ECBCB0DA249968FB0097C2FA /* .gitignore */ = {isa = PBXFileReference; lastKnownFileType = text; path = .gitignore; sourceTree = "<group>"; };
		ECBCB0DB249976A10097C2FA /* requirements.txt */ = {isa = PBXFileReference; lastKnownFileType = text; path = requirements.txt; sourceTree = "<group>"; };
		ECBCB0DD2499A29D0097C2FA /* project.py */ = {isa = PBXFileReference; lastKnownFileType = text.script.python; path = project.py; sourceTree = "<group>"; };
		ECBCB0E0249AA8C80097C2FA /* createapp.py */ = {isa = PBXFileReference; lastKnownFileType = text.script.python; path = createapp.py; sourceTree = "<group>"; };
		ECBCB0E5249AD8110097C2FA /* __init__.py-tpl */ = {isa = PBXFileReference; lastKnownFileType = text; path = "__init__.py-tpl"; sourceTree = "<group>"; };
		ECBCB0E6249AD81D0097C2FA /* __init__.py-tpl */ = {isa = PBXFileReference; lastKnownFileType = text; path = "__init__.py-tpl"; sourceTree = "<group>"; };
		ECBCB0E7249AD82C0097C2FA /* __init__.py-tpl */ = {isa = PBXFileReference; lastKnownFileType = text; path = "__init__.py-tpl"; sourceTree = "<group>"; };
		ECBCB0E8249AD84E0097C2FA /* manage.py-tpl */ = {isa = PBXFileReference; lastKnownFileType = text; path = "manage.py-tpl"; sourceTree = "<group>"; };
		ECBCB0E9249AD86C0097C2FA /* asgi.py-tpl */ = {isa = PBXFileReference; lastKnownFileType = text; path = "asgi.py-tpl"; sourceTree = "<group>"; };
		ECBCB0EA249AD8750097C2FA /* wsgi.py-tpl */ = {isa = PBXFileReference; lastKnownFileType = text; path = "wsgi.py-tpl"; sourceTree = "<group>"; };
		ECBCB0EB249AD8CB0097C2FA /* urls.py-tpl */ = {isa = PBXFileReference; lastKnownFileType = text; path = "urls.py-tpl"; sourceTree = "<group>"; };
		ECBCB0EC249AD8DA0097C2FA /* settings.py-tpl */ = {isa = PBXFileReference; lastKnownFileType = text; path = "settings.py-tpl"; sourceTree = "<group>"; };
		ECBCB0EE249AD94C0097C2FA /* apps.py-tpl */ = {isa = PBXFileReference; lastKnownFileType = text; path = "apps.py-tpl"; sourceTree = "<group>"; };
		ECBCB0F0249AD9950097C2FA /* test.py-tpl */ = {isa = PBXFileReference; lastKnownFileType = text; path = "test.py-tpl"; sourceTree = "<group>"; };
		ECBCB0F4249D41470097C2FA /* requirements.txt */ = {isa = PBXFileReference; lastKnownFileType = text; path = requirements.txt; sourceTree = "<group>"; };
		ECBCB0F5249D5BE70097C2FA /* .env-tpl */ = {isa = PBXFileReference; lastKnownFileType = text; path = ".env-tpl"; sourceTree = "<group>"; };
		ECBCB119249EE4D60097C2FA /* robots.txt */ = {isa = PBXFileReference; lastKnownFileType = text; path = robots.txt; sourceTree = "<group>"; };
		ECBCB11A249EE4FD0097C2FA /* browserconfig.xml */ = {isa = PBXFileReference; lastKnownFileType = text.xml; path = browserconfig.xml; sourceTree = "<group>"; };
		ECBCB11B249EE52B0097C2FA /* manifest.json-tpl */ = {isa = PBXFileReference; lastKnownFileType = text; path = "manifest.json-tpl"; sourceTree = "<group>"; };
		ECBCB11C249EE5780097C2FA /* icon-180.png */ = {isa = PBXFileReference; lastKnownFileType = image.png; path = "icon-180.png"; sourceTree = "<group>"; };
		ECBCB11D249EE5780097C2FA /* icon-16.png */ = {isa = PBXFileReference; lastKnownFileType = image.png; path = "icon-16.png"; sourceTree = "<group>"; };
		ECBCB11E249EE5780097C2FA /* icon-96.png */ = {isa = PBXFileReference; lastKnownFileType = image.png; path = "icon-96.png"; sourceTree = "<group>"; };
		ECBCB11F249EE5780097C2FA /* icon-72.png */ = {isa = PBXFileReference; lastKnownFileType = image.png; path = "icon-72.png"; sourceTree = "<group>"; };
		ECBCB120249EE5780097C2FA /* icon-32.png */ = {isa = PBXFileReference; lastKnownFileType = image.png; path = "icon-32.png"; sourceTree = "<group>"; };
		ECBCB121249EE5780097C2FA /* icon-36.png */ = {isa = PBXFileReference; lastKnownFileType = image.png; path = "icon-36.png"; sourceTree = "<group>"; };
		ECBCB122249EE5780097C2FA /* icon-48.png */ = {isa = PBXFileReference; lastKnownFileType = image.png; path = "icon-48.png"; sourceTree = "<group>"; };
		ECBCB123249EE5780097C2FA /* icon-512.png */ = {isa = PBXFileReference; lastKnownFileType = image.png; path = "icon-512.png"; sourceTree = "<group>"; };
		ECBCB124249EE5780097C2FA /* icon-310.png */ = {isa = PBXFileReference; lastKnownFileType = image.png; path = "icon-310.png"; sourceTree = "<group>"; };
		ECBCB125249EE5790097C2FA /* icon-70.png */ = {isa = PBXFileReference; lastKnownFileType = image.png; path = "icon-70.png"; sourceTree = "<group>"; };
		ECBCB126249EE5790097C2FA /* icon-192.png */ = {isa = PBXFileReference; lastKnownFileType = image.png; path = "icon-192.png"; sourceTree = "<group>"; };
		ECBCB127249EE5790097C2FA /* icon-144.png */ = {isa = PBXFileReference; lastKnownFileType = image.png; path = "icon-144.png"; sourceTree = "<group>"; };
		ECBCB128249EE5790097C2FA /* icon-150.png */ = {isa = PBXFileReference; lastKnownFileType = image.png; path = "icon-150.png"; sourceTree = "<group>"; };
		ECBCB129249EE67C0097C2FA /* .gitignore-tpl */ = {isa = PBXFileReference; lastKnownFileType = text; path = ".gitignore-tpl"; sourceTree = "<group>"; };
		ECBCB12A24A17B2F0097C2FA /* createdb.psql */ = {isa = PBXFileReference; lastKnownFileType = text; path = createdb.psql; sourceTree = "<group>"; };
		ECBCB13124A579A30097C2FA /* error.css */ = {isa = PBXFileReference; lastKnownFileType = text.css; path = error.css; sourceTree = "<group>"; };
		ECBCB13224A579D60097C2FA /* error.html */ = {isa = PBXFileReference; lastKnownFileType = text.html; path = error.html; sourceTree = "<group>"; };
		ECBCB13424A579FE0097C2FA /* headers.html */ = {isa = PBXFileReference; lastKnownFileType = text.html; path = headers.html; sourceTree = "<group>"; };
		ECBCB13524A57BD80097C2FA /* error.css */ = {isa = PBXFileReference; lastKnownFileType = text.css; path = error.css; sourceTree = "<group>"; };
		ECBCB13624A57BF60097C2FA /* error.html */ = {isa = PBXFileReference; lastKnownFileType = text.html; path = error.html; sourceTree = "<group>"; };
		ECBCB13724A57C0B0097C2FA /* headers.html */ = {isa = PBXFileReference; lastKnownFileType = text.html; path = headers.html; sourceTree = "<group>"; };
		ECBCB13A24A590E20097C2FA /* logging.py */ = {isa = PBXFileReference; lastKnownFileType = text.script.python; path = logging.py; sourceTree = "<group>"; };
		ECBCB13D24A591880097C2FA /* __init__.py */ = {isa = PBXFileReference; lastKnownFileType = text.script.python; path = __init__.py; sourceTree = "<group>"; };
		ECBCB13E24A591A40097C2FA /* logging.py */ = {isa = PBXFileReference; lastKnownFileType = text.script.python; path = logging.py; sourceTree = "<group>"; };
		ECBCB13F24A591AE0097C2FA /* i18n.py */ = {isa = PBXFileReference; lastKnownFileType = text.script.python; path = i18n.py; sourceTree = "<group>"; };
		ECBCB14924A593F80097C2FA /* __init__.py */ = {isa = PBXFileReference; lastKnownFileType = text.script.python; path = __init__.py; sourceTree = "<group>"; };
		ECBCB14B24A5942E0097C2FA /* countries.py */ = {isa = PBXFileReference; lastKnownFileType = text.script.python; path = countries.py; sourceTree = "<group>"; };
		ECBCB14C24A594460097C2FA /* languages.py */ = {isa = PBXFileReference; lastKnownFileType = text.script.python; path = languages.py; sourceTree = "<group>"; };
		ECBCB14D24A5944F0097C2FA /* locale.py */ = {isa = PBXFileReference; lastKnownFileType = text.script.python; path = locale.py; sourceTree = "<group>"; };
		ECBCB14E24A594570097C2FA /* scripts.py */ = {isa = PBXFileReference; lastKnownFileType = text.script.python; path = scripts.py; sourceTree = "<group>"; };
		ECBCB14F24A596B10097C2FA /* import_country_codes.py */ = {isa = PBXFileReference; lastKnownFileType = text.script.python; path = import_country_codes.py; sourceTree = "<group>"; };
		ECBCB15024A596CE0097C2FA /* import_iso_script_codes.py */ = {isa = PBXFileReference; lastKnownFileType = text.script.python; path = import_iso_script_codes.py; sourceTree = "<group>"; };
		ECBCB15124A596E80097C2FA /* import_sil_language_data.py */ = {isa = PBXFileReference; lastKnownFileType = text.script.python; path = import_sil_language_data.py; sourceTree = "<group>"; };
		ECBCB15224A597180097C2FA /* import_subdivisions.py */ = {isa = PBXFileReference; lastKnownFileType = text.script.python; path = import_subdivisions.py; sourceTree = "<group>"; };
		ECBCB15424A599E50097C2FA /* logging.py */ = {isa = PBXFileReference; lastKnownFileType = text.script.python; path = logging.py; sourceTree = "<group>"; };
		ECBCB15824A6F68B0097C2FA /* __init__.py */ = {isa = PBXFileReference; lastKnownFileType = text.script.python; path = __init__.py; sourceTree = "<group>"; };
		ECBCB15924A9282A0097C2FA /* add_model.py */ = {isa = PBXFileReference; lastKnownFileType = text.script.python; path = add_model.py; sourceTree = "<group>"; };
		ECBCB16324A990D80097C2FA /* __init__.py-tpl */ = {isa = PBXFileReference; lastKnownFileType = text; path = "__init__.py-tpl"; sourceTree = "<group>"; };
		ECBCB16424A990E10097C2FA /* __init__.py-tpl */ = {isa = PBXFileReference; lastKnownFileType = text; path = "__init__.py-tpl"; sourceTree = "<group>"; };
		ECBCB16524A990EB0097C2FA /* __init__.py-tpl */ = {isa = PBXFileReference; lastKnownFileType = text; path = "__init__.py-tpl"; sourceTree = "<group>"; };
		ECBCB16A24A992690097C2FA /* __init__.py-tpl */ = {isa = PBXFileReference; lastKnownFileType = text; path = "__init__.py-tpl"; sourceTree = "<group>"; };
		ECBCB16C24A9927E0097C2FA /* __init__.py-tpl */ = {isa = PBXFileReference; lastKnownFileType = text; path = "__init__.py-tpl"; sourceTree = "<group>"; };
		ECBCB16E24A9928D0097C2FA /* __init__.py-tpl */ = {isa = PBXFileReference; lastKnownFileType = text; path = "__init__.py-tpl"; sourceTree = "<group>"; };
		ECBCB17624AAC3CA0097C2FA /* prepareoldapp.py */ = {isa = PBXFileReference; lastKnownFileType = text.script.python; path = prepareoldapp.py; sourceTree = "<group>"; };
		ECBCB17D24AACE290097C2FA /* __init__.py */ = {isa = PBXFileReference; lastKnownFileType = text.script.python; path = __init__.py; sourceTree = "<group>"; };
		ECBCB17E24AACE320097C2FA /* __init__.py */ = {isa = PBXFileReference; lastKnownFileType = text.script.python; path = __init__.py; sourceTree = "<group>"; };
		ECBCB18224ABD75B0097C2FA /* enableapp.py */ = {isa = PBXFileReference; lastKnownFileType = text.script.python; path = enableapp.py; sourceTree = "<group>"; };
		ECBCB18424AC37D20097C2FA /* readcsv.py */ = {isa = PBXFileReference; lastKnownFileType = text.script.python; path = readcsv.py; sourceTree = "<group>"; };
		ECBCB18924AD50A70097C2FA /* page.html */ = {isa = PBXFileReference; lastKnownFileType = text.html; path = page.html; sourceTree = "<group>"; };
		ECBCB18A24AD50EB0097C2FA /* base.html */ = {isa = PBXFileReference; lastKnownFileType = text.html; path = base.html; sourceTree = "<group>"; };
		ECBCB18B24AD51200097C2FA /* head.html */ = {isa = PBXFileReference; lastKnownFileType = text.html; path = head.html; sourceTree = "<group>"; };
		ECBCB18C24AD51430097C2FA /* style.html */ = {isa = PBXFileReference; lastKnownFileType = text.html; path = style.html; sourceTree = "<group>"; };
		ECBCB18E24AD51730097C2FA /* style.css */ = {isa = PBXFileReference; lastKnownFileType = text.css; path = style.css; sourceTree = "<group>"; };
		ECBCB18F24AD51850097C2FA /* typography.css */ = {isa = PBXFileReference; lastKnownFileType = text.css; path = typography.css; sourceTree = "<group>"; };
		ECBCB19024AD519E0097C2FA /* configure.css */ = {isa = PBXFileReference; lastKnownFileType = text.css; path = configure.css; sourceTree = "<group>"; };
		ECBCB19124AD51B60097C2FA /* generic.css */ = {isa = PBXFileReference; lastKnownFileType = text.css; path = generic.css; sourceTree = "<group>"; };
		ECBCB19224AD51D30097C2FA /* form.css */ = {isa = PBXFileReference; lastKnownFileType = text.css; path = form.css; sourceTree = "<group>"; };
		ECBCB19324AD51F50097C2FA /* table.css */ = {isa = PBXFileReference; lastKnownFileType = text.css; path = table.css; sourceTree = "<group>"; };
		ECBCB19424AD52130097C2FA /* page.css */ = {isa = PBXFileReference; lastKnownFileType = text.css; path = page.css; sourceTree = "<group>"; };
		ECBCB19524AD52280097C2FA /* header.css */ = {isa = PBXFileReference; lastKnownFileType = text.css; path = header.css; sourceTree = "<group>"; };
		ECBCB19624AD52450097C2FA /* navbar.css */ = {isa = PBXFileReference; lastKnownFileType = text.css; path = navbar.css; sourceTree = "<group>"; };
		ECBCB19724AD52700097C2FA /* messages.css */ = {isa = PBXFileReference; lastKnownFileType = text.css; path = messages.css; sourceTree = "<group>"; };
		ECBCB19824AD52830097C2FA /* footer.css */ = {isa = PBXFileReference; lastKnownFileType = text.css; path = footer.css; sourceTree = "<group>"; };
		ECBCB19A24AD59800097C2FA /* style.css */ = {isa = PBXFileReference; lastKnownFileType = text.css; path = style.css; sourceTree = "<group>"; };
		ECBCB19B24AD59BA0097C2FA /* scripts.html */ = {isa = PBXFileReference; lastKnownFileType = text.html; path = scripts.html; sourceTree = "<group>"; };
		ECBCB19D24AD5A240097C2FA /* header.html */ = {isa = PBXFileReference; lastKnownFileType = text.html; path = header.html; sourceTree = "<group>"; };
		ECBCB19F24AD5A970097C2FA /* messages.html */ = {isa = PBXFileReference; lastKnownFileType = text.html; path = messages.html; sourceTree = "<group>"; };
		ECBCB1A024AD5B140097C2FA /* svg.html */ = {isa = PBXFileReference; lastKnownFileType = text.html; path = svg.html; sourceTree = "<group>"; };
		ECBCB1A224AD5F350097C2FA /* views.py-tpl */ = {isa = PBXFileReference; lastKnownFileType = text; path = "views.py-tpl"; sourceTree = "<group>"; };
		ECBCB1A424AD8ACC0097C2FA /* models.html */ = {isa = PBXFileReference; lastKnownFileType = text.html; path = models.html; sourceTree = "<group>"; };
		ECBCB1A524AD8C9A0097C2FA /* home.html */ = {isa = PBXFileReference; lastKnownFileType = text.html; path = home.html; sourceTree = "<group>"; };
		ECD7045524CBBE7B00466C61 /* name_case.py */ = {isa = PBXFileReference; lastKnownFileType = text.script.python; path = name_case.py; sourceTree = "<group>"; };
		ECD7045624CBE7B000466C61 /* write_models.py */ = {isa = PBXFileReference; lastKnownFileType = text.script.python; path = write_models.py; sourceTree = "<group>"; };
		ECD7045724CBF3B300466C61 /* add_app.py */ = {isa = PBXFileReference; lastKnownFileType = text.script.python; path = add_app.py; sourceTree = "<group>"; };
		ECD7045924D63BAB00466C61 /* build.py */ = {isa = PBXFileReference; lastKnownFileType = text.script.python; path = build.py; sourceTree = "<group>"; };
		ECD7045B24DA8F8100466C61 /* models.py */ = {isa = PBXFileReference; lastKnownFileType = text.script.python; path = models.py; sourceTree = "<group>"; };
		ECD7045D24DCC00600466C61 /* __init__.py */ = {isa = PBXFileReference; lastKnownFileType = text.script.python; path = __init__.py; sourceTree = "<group>"; };
		ECD7045E24DCC01500466C61 /* app.py */ = {isa = PBXFileReference; lastKnownFileType = text.script.python; path = app.py; sourceTree = "<group>"; };
		ECD7045F24DFC9C300466C61 /* templates.py */ = {isa = PBXFileReference; lastKnownFileType = text.script.python; path = templates.py; sourceTree = "<group>"; };
		ECD7046024DFCA2800466C61 /* base.py */ = {isa = PBXFileReference; lastKnownFileType = text.script.python; path = base.py; sourceTree = "<group>"; };
		ECD7046124DFE18A00466C61 /* views.py */ = {isa = PBXFileReference; lastKnownFileType = text.script.python; path = views.py; sourceTree = "<group>"; };
		ECD7046224DFECAC00466C61 /* urls.py */ = {isa = PBXFileReference; lastKnownFileType = text.script.python; path = urls.py; sourceTree = "<group>"; };
		ECD7046324E0C0B800466C61 /* admin.py */ = {isa = PBXFileReference; lastKnownFileType = text.script.python; path = admin.py; sourceTree = "<group>"; };
		ECD7046624E53A2D00466C61 /* __init__.py-tpl */ = {isa = PBXFileReference; lastKnownFileType = text; path = "__init__.py-tpl"; sourceTree = "<group>"; };
		ECD7046724E53A8A00466C61 /* __init__.py-tpl */ = {isa = PBXFileReference; lastKnownFileType = text; path = "__init__.py-tpl"; sourceTree = "<group>"; };
/* End PBXFileReference section */

/* Begin PBXGroup section */
		EC3010EE24A31FAB000E2C84 /* example */ = {
			isa = PBXGroup;
			children = (
				EC30110124A32153000E2C84 /* example */,
				EC3010F624A320B6000E2C84 /* old */,
				EC3010EF24A31FBB000E2C84 /* new */,
				EC37861024A3A92B00B7AB9F /* manage.py */,
			);
			path = example;
			sourceTree = "<group>";
		};
		EC3010EF24A31FBB000E2C84 /* new */ = {
			isa = PBXGroup;
			children = (
				EC30110024A3214C000E2C84 /* migrations */,
				EC3010F024A31FE9000E2C84 /* models.py */,
				EC3010F124A3205C000E2C84 /* apps.py */,
				EC3010F224A3206A000E2C84 /* admin.py */,
				EC3010F324A3207D000E2C84 /* template.py */,
				EC3010F424A32097000E2C84 /* views.py */,
				EC3010F524A320A9000E2C84 /* urls.py */,
				EC30110724A321BF000E2C84 /* __init__.py */,
				EC37860E24A3A8A300B7AB9F /* tests.py */,
			);
			path = new;
			sourceTree = "<group>";
		};
		EC3010F624A320B6000E2C84 /* old */ = {
			isa = PBXGroup;
			children = (
				EC3010FF24A32140000E2C84 /* migrations */,
				EC3010FD24A32123000E2C84 /* template */,
				EC3010F724A320CC000E2C84 /* models.py */,
				EC3010F824A320D8000E2C84 /* apps.py */,
				EC3010F924A320E1000E2C84 /* admin.py */,
				EC3010FA24A320EC000E2C84 /* urls.py */,
				EC3010FB24A320FE000E2C84 /* views.py */,
				EC30110924A321D2000E2C84 /* __init__.py */,
				EC37860F24A3A8B000B7AB9F /* tests.py */,
			);
			path = old;
			sourceTree = "<group>";
		};
		EC3010FD24A32123000E2C84 /* template */ = {
			isa = PBXGroup;
			children = (
				EC3010FE24A32136000E2C84 /* page.html */,
			);
			path = template;
			sourceTree = "<group>";
		};
		EC3010FF24A32140000E2C84 /* migrations */ = {
			isa = PBXGroup;
			children = (
				EC30110824A321C9000E2C84 /* __init__.py */,
			);
			path = migrations;
			sourceTree = "<group>";
		};
		EC30110024A3214C000E2C84 /* migrations */ = {
			isa = PBXGroup;
			children = (
				EC30110624A321B6000E2C84 /* __init__.py */,
			);
			path = migrations;
			sourceTree = "<group>";
		};
		EC30110124A32153000E2C84 /* example */ = {
			isa = PBXGroup;
			children = (
				EC30110224A32162000E2C84 /* settings.py */,
				EC30110324A32176000E2C84 /* urls.py */,
				EC30110424A32182000E2C84 /* wsgi.py */,
				EC30110524A3218B000E2C84 /* asgi.py */,
			);
			path = example;
			sourceTree = "<group>";
		};
		EC54499724935D54000BB8A2 = {
			isa = PBXGroup;
			children = (
				EC23492524AF020200537F78 /* testarea */,
				EC54499E24946640000BB8A2 /* mozumder */,
				EC3010EE24A31FAB000E2C84 /* example */,
				ECBCB0AC249818D40097C2FA /* MANIFEST.in */,
				ECBCB0A824980A6E0097C2FA /* README.rst */,
				ECBCB0A92498175D0097C2FA /* LICENSE */,
				ECBCB0DB249976A10097C2FA /* requirements.txt */,
				ECBCB0AA249817C90097C2FA /* setup.cfg */,
				ECBCB0AB249818A20097C2FA /* setup.py */,
				ECBCB0DA249968FB0097C2FA /* .gitignore */,
			);
			sourceTree = "<group>";
		};
		EC54499E24946640000BB8A2 /* mozumder */ = {
			isa = PBXGroup;
			children = (
				EC6FB42724B3D0940042396A /* development */,
				EC5449AA249468A9000BB8A2 /* management */,
				EC5449A22494677E000BB8A2 /* include */,
				EC5449D724947625000BB8A2 /* signals.py */,
				ECBCB13C24A5917D0097C2FA /* admin */,
				EC54499F249466C2000BB8A2 /* __init__.py */,
				EC5449A024946722000BB8A2 /* apps.py */,
				EC5449A124946770000BB8A2 /* db */,
				EC5449B624946CB2000BB8A2 /* middleware.py */,
				EC5449B724946CDB000BB8A2 /* migrations */,
				EC5449BB24946D9F000BB8A2 /* models */,
				EC5449C12494716F000BB8A2 /* template */,
				EC5449CF249473F3000BB8A2 /* tests.py */,
				EC5449D02494740A000BB8A2 /* views */,
			);
			path = mozumder;
			sourceTree = "<group>";
		};
		EC5449A124946770000BB8A2 /* db */ = {
			isa = PBXGroup;
			children = (
				EC5449A624946815000BB8A2 /* materializedviewe */,
				EC5449A4249467B7000BB8A2 /* __init__.py */,
			);
			path = db;
			sourceTree = "<group>";
		};
		EC5449A22494677E000BB8A2 /* include */ = {
			isa = PBXGroup;
			children = (
				ECBCB17724AACB580097C2FA /* old_app_template */,
				ECBCB0C12498924E0097C2FA /* fixtures */,
				ECBCB12C24A579610097C2FA /* src */,
				ECBCB12B24A579440097C2FA /* lib */,
				ECBCB0E2249AD7BB0097C2FA /* app_template */,
				ECBCB0E1249AD7A40097C2FA /* project_template */,
				EC5449A3249467A2000BB8A2 /* sql */,
			);
			path = include;
			sourceTree = "<group>";
		};
		EC5449A3249467A2000BB8A2 /* sql */ = {
			isa = PBXGroup;
			children = (
				ECBCB15524A59F9E0097C2FA /* prepared_statements */,
			);
			path = sql;
			sourceTree = "<group>";
		};
		EC5449A624946815000BB8A2 /* materializedviewe */ = {
			isa = PBXGroup;
			children = (
				EC5449A72494682B000BB8A2 /* __init__.py */,
				EC5449A824946847000BB8A2 /* fields.py */,
				EC5449A92494685C000BB8A2 /* materializedviews.py */,
			);
			path = materializedviewe;
			sourceTree = "<group>";
		};
		EC5449AA249468A9000BB8A2 /* management */ = {
			isa = PBXGroup;
			children = (
				ECD7045A24DA8F6700466C61 /* writers */,
				ECBCB15724A6F6710097C2FA /* shell */,
				EC5449AD249468CF000BB8A2 /* __init__.py */,
				EC5449AB249468B4000BB8A2 /* commands */,
				EC5449AC249468BD000BB8A2 /* utilities */,
			);
			path = management;
			sourceTree = "<group>";
		};
		EC5449AB249468B4000BB8A2 /* commands */ = {
			isa = PBXGroup;
			children = (
				EC5449AE249468E6000BB8A2 /* __init__.py */,
				EC5449B024946910000BB8A2 /* cache.py */,
				EC5449B124946930000BB8A2 /* listpreparedstatements.py */,
				EC5449B224946956000BB8A2 /* materializedviews.py */,
				EC5449B324946974000BB8A2 /* triggers.py */,
				ECBCB0E0249AA8C80097C2FA /* createapp.py */,
				ECBCB14F24A596B10097C2FA /* import_country_codes.py */,
				ECBCB15024A596CE0097C2FA /* import_iso_script_codes.py */,
				ECBCB15124A596E80097C2FA /* import_sil_language_data.py */,
				ECBCB15224A597180097C2FA /* import_subdivisions.py */,
				ECBCB15924A9282A0097C2FA /* add_model.py */,
				ECBCB17624AAC3CA0097C2FA /* prepareoldapp.py */,
				ECBCB18224ABD75B0097C2FA /* enableapp.py */,
				ECBCB18424AC37D20097C2FA /* readcsv.py */,
				ECD7045624CBE7B000466C61 /* write_models.py */,
				ECD7045724CBF3B300466C61 /* add_app.py */,
				ECD7045924D63BAB00466C61 /* build.py */,
			);
			path = commands;
			sourceTree = "<group>";
		};
		EC5449AC249468BD000BB8A2 /* utilities */ = {
			isa = PBXGroup;
			children = (
				EC5449AF249468F3000BB8A2 /* __init__.py */,
				EC5449D9249476FB000BB8A2 /* logger.py */,
				EC5449DA249477AF000BB8A2 /* logging_mule.py */,
				EC5449B4249469DF000BB8A2 /* cache_mule.py */,
				EC5449B524946A1F000BB8A2 /* invalidator.py */,
				EC0DB82824ABBD030070DD80 /* activate_this.py */,
				EC867D1E24C11045002CA3E3 /* modelwriter.py */,
				ECD7045524CBBE7B00466C61 /* name_case.py */,
			);
			path = utilities;
			sourceTree = "<group>";
		};
		EC5449B724946CDB000BB8A2 /* migrations */ = {
			isa = PBXGroup;
			children = (
				EC5449B824946CEF000BB8A2 /* __init__.py */,
			);
			path = migrations;
			sourceTree = "<group>";
		};
		EC5449BB24946D9F000BB8A2 /* models */ = {
			isa = PBXGroup;
			children = (
				ECBCB14824A593ED0097C2FA /* i18n */,
				EC5449BD24946DC5000BB8A2 /* __init__.py */,
				ECBCB13A24A590E20097C2FA /* logging.py */,
				EC6FB42424B14B820042396A /* development.py */,
			);
			path = models;
			sourceTree = "<group>";
		};
		EC5449C12494716F000BB8A2 /* template */ = {
			isa = PBXGroup;
			children = (
				EC5449C2249471A7000BB8A2 /* __init__.py */,
				EC5449C3249471C8000BB8A2 /* components */,
				EC5449CA2494728C000BB8A2 /* context_processors */,
				EC5449CC249472BD000BB8A2 /* default.py */,
				EC5449CD2494734A000BB8A2 /* errors.py */,
				EC5449CE2494737D000BB8A2 /* template.py */,
			);
			path = template;
			sourceTree = "<group>";
		};
		EC5449C3249471C8000BB8A2 /* components */ = {
			isa = PBXGroup;
			children = (
				EC5449C4249471DC000BB8A2 /* __init__.py */,
				EC5449C5249471F3000BB8A2 /* component.py */,
				EC5449C6249471FE000BB8A2 /* components.py */,
				EC5449C724947211000BB8A2 /* div.py */,
				EC5449C82494721F000BB8A2 /* raw.py */,
				EC5449C92494722E000BB8A2 /* table.py */,
			);
			path = components;
			sourceTree = "<group>";
		};
		EC5449CA2494728C000BB8A2 /* context_processors */ = {
			isa = PBXGroup;
			children = (
				EC5449CB249472A3000BB8A2 /* __init__.py */,
			);
			path = context_processors;
			sourceTree = "<group>";
		};
		EC5449D02494740A000BB8A2 /* views */ = {
			isa = PBXGroup;
			children = (
				EC5449D124947438000BB8A2 /* __init__.py */,
				EC5449D22494746A000BB8A2 /* base.py */,
				EC5449D3249474E4000BB8A2 /* errors.py */,
				EC5449D424947514000BB8A2 /* generic.py */,
				EC5449D52494754C000BB8A2 /* zip.py */,
				ECBCB15424A599E50097C2FA /* logging.py */,
			);
			path = views;
			sourceTree = "<group>";
		};
		EC6FB42724B3D0940042396A /* development */ = {
			isa = PBXGroup;
			children = (
				EC6FB42824B3D0A90042396A /* __init__.py */,
			);
			path = development;
			sourceTree = "<group>";
		};
		ECBCB0C12498924E0097C2FA /* fixtures */ = {
			isa = PBXGroup;
			children = (
				ECBCB0C22498925B0097C2FA /* iso-639-3_Code_Tables_20200130 */,
				ECBCB0C02498923A0097C2FA /* iso15924-utf8-20190819.txt */,
			);
			path = fixtures;
			sourceTree = "<group>";
		};
		ECBCB0C22498925B0097C2FA /* iso-639-3_Code_Tables_20200130 */ = {
			isa = PBXGroup;
			children = (
				ECBCB0C3249892740097C2FA /* iso-639-3_20200130.tab */,
				ECBCB0C4249892CB0097C2FA /* iso-639-3_Name_Index_20200130.tab */,
				ECBCB0C5249892E90097C2FA /* iso-639-3_Retirements_20200130.tab */,
				ECBCB0C6249892FD0097C2FA /* iso-639-3-macrolanguages_20200130.tab */,
			);
			path = "iso-639-3_Code_Tables_20200130";
			sourceTree = "<group>";
		};
		ECBCB0E1249AD7A40097C2FA /* project_template */ = {
			isa = PBXGroup;
			children = (
				ECBCB18624AD506A0097C2FA /* templates */,
				ECBCB117249EE4B90097C2FA /* static */,
				ECBCB0E4249AD7F70097C2FA /* project_name */,
				ECBCB0E8249AD84E0097C2FA /* manage.py-tpl */,
				ECBCB0F4249D41470097C2FA /* requirements.txt */,
				ECBCB0F5249D5BE70097C2FA /* .env-tpl */,
				ECBCB129249EE67C0097C2FA /* .gitignore-tpl */,
				ECBCB12A24A17B2F0097C2FA /* createdb.psql */,
			);
			path = project_template;
			sourceTree = "<group>";
		};
		ECBCB0E2249AD7BB0097C2FA /* app_template */ = {
			isa = PBXGroup;
			children = (
				ECD7046424E53A0E00466C61 /* urls */,
				ECBCB16924A992570097C2FA /* templates */,
				ECBCB16224A990BA0097C2FA /* views */,
				ECBCB16124A990B50097C2FA /* admin */,
				ECBCB16024A990AF0097C2FA /* models */,
				ECBCB0E3249AD7E20097C2FA /* migrations */,
				ECBCB0E6249AD81D0097C2FA /* __init__.py-tpl */,
				ECBCB0EE249AD94C0097C2FA /* apps.py-tpl */,
				ECBCB0F0249AD9950097C2FA /* test.py-tpl */,
			);
			path = app_template;
			sourceTree = "<group>";
		};
		ECBCB0E3249AD7E20097C2FA /* migrations */ = {
			isa = PBXGroup;
			children = (
				ECBCB0E7249AD82C0097C2FA /* __init__.py-tpl */,
			);
			path = migrations;
			sourceTree = "<group>";
		};
		ECBCB0E4249AD7F70097C2FA /* project_name */ = {
			isa = PBXGroup;
			children = (
				ECBCB1A324AD89B40097C2FA /* templates */,
				ECBCB0E5249AD8110097C2FA /* __init__.py-tpl */,
				ECBCB0E9249AD86C0097C2FA /* asgi.py-tpl */,
				ECBCB0EA249AD8750097C2FA /* wsgi.py-tpl */,
				ECBCB0EB249AD8CB0097C2FA /* urls.py-tpl */,
				ECBCB0EC249AD8DA0097C2FA /* settings.py-tpl */,
				ECBCB1A224AD5F350097C2FA /* views.py-tpl */,
			);
			path = project_name;
			sourceTree = "<group>";
		};
		ECBCB117249EE4B90097C2FA /* static */ = {
			isa = PBXGroup;
			children = (
				ECBCB1A124AD5D3D0097C2FA /* font */,
				ECBCB118249EE4C20097C2FA /* icon */,
				ECBCB119249EE4D60097C2FA /* robots.txt */,
				ECBCB11A249EE4FD0097C2FA /* browserconfig.xml */,
				ECBCB11B249EE52B0097C2FA /* manifest.json-tpl */,
			);
			path = static;
			sourceTree = "<group>";
		};
		ECBCB118249EE4C20097C2FA /* icon */ = {
			isa = PBXGroup;
			children = (
				ECBCB11D249EE5780097C2FA /* icon-16.png */,
				ECBCB120249EE5780097C2FA /* icon-32.png */,
				ECBCB121249EE5780097C2FA /* icon-36.png */,
				ECBCB122249EE5780097C2FA /* icon-48.png */,
				ECBCB125249EE5790097C2FA /* icon-70.png */,
				ECBCB11F249EE5780097C2FA /* icon-72.png */,
				ECBCB11E249EE5780097C2FA /* icon-96.png */,
				ECBCB127249EE5790097C2FA /* icon-144.png */,
				ECBCB128249EE5790097C2FA /* icon-150.png */,
				ECBCB11C249EE5780097C2FA /* icon-180.png */,
				ECBCB126249EE5790097C2FA /* icon-192.png */,
				ECBCB124249EE5780097C2FA /* icon-310.png */,
				ECBCB123249EE5780097C2FA /* icon-512.png */,
			);
			path = icon;
			sourceTree = "<group>";
		};
		ECBCB12B24A579440097C2FA /* lib */ = {
			isa = PBXGroup;
			children = (
				ECBCB13024A5798A0097C2FA /* html */,
				ECBCB12E24A5797D0097C2FA /* css */,
			);
			path = lib;
			sourceTree = "<group>";
		};
		ECBCB12C24A579610097C2FA /* src */ = {
			isa = PBXGroup;
			children = (
				ECBCB12F24A579830097C2FA /* html */,
				ECBCB12D24A579750097C2FA /* css */,
			);
			path = src;
			sourceTree = "<group>";
		};
		ECBCB12D24A579750097C2FA /* css */ = {
			isa = PBXGroup;
			children = (
				ECBCB13524A57BD80097C2FA /* error.css */,
			);
			path = css;
			sourceTree = "<group>";
		};
		ECBCB12E24A5797D0097C2FA /* css */ = {
			isa = PBXGroup;
			children = (
				ECBCB13124A579A30097C2FA /* error.css */,
			);
			path = css;
			sourceTree = "<group>";
		};
		ECBCB12F24A579830097C2FA /* html */ = {
			isa = PBXGroup;
			children = (
				ECBCB13624A57BF60097C2FA /* error.html */,
				ECBCB13724A57C0B0097C2FA /* headers.html */,
			);
			path = html;
			sourceTree = "<group>";
		};
		ECBCB13024A5798A0097C2FA /* html */ = {
			isa = PBXGroup;
			children = (
				ECBCB13224A579D60097C2FA /* error.html */,
				ECBCB13424A579FE0097C2FA /* headers.html */,
			);
			path = html;
			sourceTree = "<group>";
		};
		ECBCB13C24A5917D0097C2FA /* admin */ = {
			isa = PBXGroup;
			children = (
				ECBCB13D24A591880097C2FA /* __init__.py */,
				ECBCB13E24A591A40097C2FA /* logging.py */,
				ECBCB13F24A591AE0097C2FA /* i18n.py */,
				EC6FB42524B14DF00042396A /* development.py */,
			);
			path = admin;
			sourceTree = "<group>";
		};
		ECBCB14824A593ED0097C2FA /* i18n */ = {
			isa = PBXGroup;
			children = (
				ECBCB14924A593F80097C2FA /* __init__.py */,
				ECBCB14B24A5942E0097C2FA /* countries.py */,
				ECBCB14C24A594460097C2FA /* languages.py */,
				ECBCB14D24A5944F0097C2FA /* locale.py */,
				ECBCB14E24A594570097C2FA /* scripts.py */,
				EC6FB42A24B694510042396A /* currency.py */,
			);
			path = i18n;
			sourceTree = "<group>";
		};
		ECBCB15524A59F9E0097C2FA /* prepared_statements */ = {
			isa = PBXGroup;
			children = (
				EC5449A5249467DE000BB8A2 /* utilities.sql */,
				ECBCB0B4249879CA0097C2FA /* logging.sql */,
			);
			path = prepared_statements;
			sourceTree = "<group>";
		};
		ECBCB15724A6F6710097C2FA /* shell */ = {
			isa = PBXGroup;
			children = (
				ECBCB15824A6F68B0097C2FA /* __init__.py */,
				ECBCB0DD2499A29D0097C2FA /* project.py */,
			);
			path = shell;
			sourceTree = "<group>";
		};
		ECBCB16024A990AF0097C2FA /* models */ = {
			isa = PBXGroup;
			children = (
				ECBCB16324A990D80097C2FA /* __init__.py-tpl */,
			);
			path = models;
			sourceTree = "<group>";
		};
		ECBCB16124A990B50097C2FA /* admin */ = {
			isa = PBXGroup;
			children = (
				ECBCB16424A990E10097C2FA /* __init__.py-tpl */,
			);
			path = admin;
			sourceTree = "<group>";
		};
		ECBCB16224A990BA0097C2FA /* views */ = {
			isa = PBXGroup;
			children = (
				ECBCB16524A990EB0097C2FA /* __init__.py-tpl */,
			);
			path = views;
			sourceTree = "<group>";
		};
		ECBCB16924A992570097C2FA /* templates */ = {
			isa = PBXGroup;
			children = (
				ECBCB16D24A992830097C2FA /* pages */,
				ECBCB16B24A9926C0097C2FA /* blocks */,
				ECBCB16A24A992690097C2FA /* __init__.py-tpl */,
			);
			path = templates;
			sourceTree = "<group>";
		};
		ECBCB16B24A9926C0097C2FA /* blocks */ = {
			isa = PBXGroup;
			children = (
				ECBCB16C24A9927E0097C2FA /* __init__.py-tpl */,
			);
			path = blocks;
			sourceTree = "<group>";
		};
		ECBCB16D24A992830097C2FA /* pages */ = {
			isa = PBXGroup;
			children = (
				ECBCB16E24A9928D0097C2FA /* __init__.py-tpl */,
			);
			path = pages;
			sourceTree = "<group>";
		};
		ECBCB17724AACB580097C2FA /* old_app_template */ = {
			isa = PBXGroup;
			children = (
				ECBCB1A824AFC4DD0097C2FA /* templates */,
				ECBCB17B24AACE130097C2FA /* urls */,
			);
			path = old_app_template;
			sourceTree = "<group>";
		};
		ECBCB17B24AACE130097C2FA /* urls */ = {
			isa = PBXGroup;
			children = (
				ECBCB17C24AACE1B0097C2FA /* api */,
				ECBCB17E24AACE320097C2FA /* __init__.py */,
			);
			path = urls;
			sourceTree = "<group>";
		};
		ECBCB17C24AACE1B0097C2FA /* api */ = {
			isa = PBXGroup;
			children = (
				ECBCB17D24AACE290097C2FA /* __init__.py */,
			);
			path = api;
			sourceTree = "<group>";
		};
		ECBCB18624AD506A0097C2FA /* templates */ = {
			isa = PBXGroup;
			children = (
				ECBCB18D24AD51560097C2FA /* css */,
				ECBCB18924AD50A70097C2FA /* page.html */,
				ECBCB18A24AD50EB0097C2FA /* base.html */,
				ECBCB18B24AD51200097C2FA /* head.html */,
				ECBCB18C24AD51430097C2FA /* style.html */,
				ECBCB19B24AD59BA0097C2FA /* scripts.html */,
				ECBCB19D24AD5A240097C2FA /* header.html */,
				ECBCB19F24AD5A970097C2FA /* messages.html */,
				ECBCB1A024AD5B140097C2FA /* svg.html */,
			);
			path = templates;
			sourceTree = "<group>";
		};
		ECBCB18D24AD51560097C2FA /* css */ = {
			isa = PBXGroup;
			children = (
				ECBCB19924AD596E0097C2FA /* home */,
				ECBCB18E24AD51730097C2FA /* style.css */,
				ECBCB18F24AD51850097C2FA /* typography.css */,
				ECBCB19024AD519E0097C2FA /* configure.css */,
				ECBCB19124AD51B60097C2FA /* generic.css */,
				ECBCB19224AD51D30097C2FA /* form.css */,
				ECBCB19324AD51F50097C2FA /* table.css */,
				ECBCB19424AD52130097C2FA /* page.css */,
				ECBCB19524AD52280097C2FA /* header.css */,
				ECBCB19624AD52450097C2FA /* navbar.css */,
				ECBCB19724AD52700097C2FA /* messages.css */,
				ECBCB19824AD52830097C2FA /* footer.css */,
			);
			path = css;
			sourceTree = "<group>";
		};
		ECBCB19924AD596E0097C2FA /* home */ = {
			isa = PBXGroup;
			children = (
				ECBCB19A24AD59800097C2FA /* style.css */,
			);
			path = home;
			sourceTree = "<group>";
		};
		ECBCB1A124AD5D3D0097C2FA /* font */ = {
			isa = PBXGroup;
			children = (
			);
			path = font;
			sourceTree = "<group>";
		};
		ECBCB1A324AD89B40097C2FA /* templates */ = {
			isa = PBXGroup;
			children = (
				ECBCB1A424AD8ACC0097C2FA /* models.html */,
				ECBCB1A524AD8C9A0097C2FA /* home.html */,
			);
			path = templates;
			sourceTree = "<group>";
		};
		ECBCB1A824AFC4DD0097C2FA /* templates */ = {
			isa = PBXGroup;
			children = (
				ECBCB1A924AFC4F30097C2FA /* app_name */,
			);
			path = templates;
			sourceTree = "<group>";
		};
		ECBCB1A924AFC4F30097C2FA /* app_name */ = {
			isa = PBXGroup;
			children = (
			);
			path = app_name;
			sourceTree = "<group>";
		};
		ECD7045A24DA8F6700466C61 /* writers */ = {
			isa = PBXGroup;
			children = (
				ECD7045D24DCC00600466C61 /* __init__.py */,
				ECD7045E24DCC01500466C61 /* app.py */,
				ECD7045B24DA8F8100466C61 /* models.py */,
				ECD7045F24DFC9C300466C61 /* templates.py */,
				ECD7046024DFCA2800466C61 /* base.py */,
				ECD7046124DFE18A00466C61 /* views.py */,
				ECD7046224DFECAC00466C61 /* urls.py */,
				ECD7046324E0C0B800466C61 /* admin.py */,
			);
			path = writers;
			sourceTree = "<group>";
		};
		ECD7046424E53A0E00466C61 /* urls */ = {
			isa = PBXGroup;
			children = (
				ECD7046524E53A1900466C61 /* api */,
				ECD7046724E53A8A00466C61 /* __init__.py-tpl */,
			);
			path = urls;
			sourceTree = "<group>";
		};
		ECD7046524E53A1900466C61 /* api */ = {
			isa = PBXGroup;
			children = (
				ECD7046624E53A2D00466C61 /* __init__.py-tpl */,
			);
			path = api;
			sourceTree = "<group>";
		};
/* End PBXGroup section */

/* Begin PBXProject section */
		EC54499824935D54000BB8A2 /* Project object */ = {
			isa = PBXProject;
			attributes = {
				LastUpgradeCheck = 1150;
			};
			buildConfigurationList = EC54499B24935D54000BB8A2 /* Build configuration list for PBXProject "django-mozumder" */;
			compatibilityVersion = "Xcode 9.3";
			developmentRegion = en;
			hasScannedForEncodings = 0;
			knownRegions = (
				en,
				Base,
			);
			mainGroup = EC54499724935D54000BB8A2;
			projectDirPath = "";
			projectRoot = "";
			targets = (
			);
		};
/* End PBXProject section */

/* Begin XCBuildConfiguration section */
		EC54499C24935D54000BB8A2 /* Debug */ = {
			isa = XCBuildConfiguration;
			buildSettings = {
			};
			name = Debug;
		};
		EC54499D24935D54000BB8A2 /* Release */ = {
			isa = XCBuildConfiguration;
			buildSettings = {
			};
			name = Release;
		};
/* End XCBuildConfiguration section */

/* Begin XCConfigurationList section */
		EC54499B24935D54000BB8A2 /* Build configuration list for PBXProject "django-mozumder" */ = {
			isa = XCConfigurationList;
			buildConfigurations = (
				EC54499C24935D54000BB8A2 /* Debug */,
				EC54499D24935D54000BB8A2 /* Release */,
			);
			defaultConfigurationIsVisible = 0;
			defaultConfigurationName = Release;
		};
/* End XCConfigurationList section */
	};
	rootObject = EC54499824935D54000BB8A2 /* Project object */;
}
