// !$*UTF8*$!
{
	archiveVersion = 1;
	classes = {
	};
	objectVersion = 50;
	objects = {

/* Begin PBXFileReference section */
		EC54499F249466C2000BB8A2 /* __init__.py */ = {isa = PBXFileReference; lastKnownFileType = text.script.python; path = __init__.py; sourceTree = "<group>"; };
		EC5449A024946722000BB8A2 /* apps.py */ = {isa = PBXFileReference; lastKnownFileType = text.script.python; path = apps.py; sourceTree = "<group>"; };
		EC5449A4249467B7000BB8A2 /* __init__.py */ = {isa = PBXFileReference; lastKnownFileType = text.script.python; path = __init__.py; sourceTree = "<group>"; };
		EC5449A5249467DE000BB8A2 /* utilities.sql */ = {isa = PBXFileReference; lastKnownFileType = text; path = utilities.sql; sourceTree = "<group>"; };
		EC5449A72494682B000BB8A2 /* __init__.py */ = {isa = PBXFileReference; lastKnownFileType = text.script.python; path = __init__.py; sourceTree = "<group>"; };
		EC5449A824946847000BB8A2 /* fields.py */ = {isa = PBXFileReference; lastKnownFileType = text.script.python; path = fields.py; sourceTree = "<group>"; };
		EC5449A92494685C000BB8A2 /* materializedviews.py */ = {isa = PBXFileReference; lastKnownFileType = text.script.python; path = materializedviews.py; sourceTree = "<group>"; };
		EC5449AD249468CF000BB8A2 /* __init__.py */ = {isa = PBXFileReference; lastKnownFileType = text.script.python; path = __init__.py; sourceTree = "<group>"; };
		EC5449AE249468E6000BB8A2 /* __init__.py */ = {isa = PBXFileReference; lastKnownFileType = text.script.python; path = __init__.py; sourceTree = "<group>"; };
		EC5449AF249468F3000BB8A2 /* __init__.py */ = {isa = PBXFileReference; lastKnownFileType = text.script.python; path = __init__.py; sourceTree = "<group>"; };
		EC5449B024946910000BB8A2 /* cache.py */ = {isa = PBXFileReference; lastKnownFileType = text.script.python; path = cache.py; sourceTree = "<group>"; };
		EC5449B124946930000BB8A2 /* listpreparedstatements.py */ = {isa = PBXFileReference; lastKnownFileType = text.script.python; path = listpreparedstatements.py; sourceTree = "<group>"; };
		EC5449B224946956000BB8A2 /* materializedviews.py */ = {isa = PBXFileReference; lastKnownFileType = text.script.python; path = materializedviews.py; sourceTree = "<group>"; };
		EC5449B324946974000BB8A2 /* triggers.py */ = {isa = PBXFileReference; lastKnownFileType = text.script.python; path = triggers.py; sourceTree = "<group>"; };
		EC5449B4249469DF000BB8A2 /* cache_mule.py */ = {isa = PBXFileReference; lastKnownFileType = text.script.python; path = cache_mule.py; sourceTree = "<group>"; };
		EC5449B524946A1F000BB8A2 /* invalidator.py */ = {isa = PBXFileReference; lastKnownFileType = text.script.python; path = invalidator.py; sourceTree = "<group>"; };
		EC5449B624946CB2000BB8A2 /* middleware.py */ = {isa = PBXFileReference; lastKnownFileType = text.script.python; path = middleware.py; sourceTree = "<group>"; };
		EC5449B824946CEF000BB8A2 /* __init__.py */ = {isa = PBXFileReference; lastKnownFileType = text.script.python; path = __init__.py; sourceTree = "<group>"; };
		EC5449BD24946DC5000BB8A2 /* __init__.py */ = {isa = PBXFileReference; lastKnownFileType = text.script.python; path = __init__.py; sourceTree = "<group>"; };
		EC5449BF24946E05000BB8A2 /* logging.py */ = {isa = PBXFileReference; lastKnownFileType = text.script.python; path = logging.py; sourceTree = "<group>"; };
		EC5449C2249471A7000BB8A2 /* __init__.py */ = {isa = PBXFileReference; lastKnownFileType = text.script.python; path = __init__.py; sourceTree = "<group>"; };
		EC5449C4249471DC000BB8A2 /* __init__.py */ = {isa = PBXFileReference; lastKnownFileType = text.script.python; path = __init__.py; sourceTree = "<group>"; };
		EC5449C5249471F3000BB8A2 /* component.py */ = {isa = PBXFileReference; lastKnownFileType = text.script.python; path = component.py; sourceTree = "<group>"; };
		EC5449C6249471FE000BB8A2 /* components.py */ = {isa = PBXFileReference; lastKnownFileType = text.script.python; path = components.py; sourceTree = "<group>"; };
		EC5449C724947211000BB8A2 /* div.py */ = {isa = PBXFileReference; lastKnownFileType = text.script.python; path = div.py; sourceTree = "<group>"; };
		EC5449C82494721F000BB8A2 /* raw.py */ = {isa = PBXFileReference; lastKnownFileType = text.script.python; path = raw.py; sourceTree = "<group>"; };
		EC5449C92494722E000BB8A2 /* table.py */ = {isa = PBXFileReference; lastKnownFileType = text.script.python; path = table.py; sourceTree = "<group>"; };
		EC5449CB249472A3000BB8A2 /* __init__.py */ = {isa = PBXFileReference; lastKnownFileType = text.script.python; path = __init__.py; sourceTree = "<group>"; };
		EC5449CC249472BD000BB8A2 /* default.py */ = {isa = PBXFileReference; lastKnownFileType = text.script.python; path = default.py; sourceTree = "<group>"; };
		EC5449CD2494734A000BB8A2 /* errors.py */ = {isa = PBXFileReference; lastKnownFileType = text.script.python; path = errors.py; sourceTree = "<group>"; };
		EC5449CE2494737D000BB8A2 /* template.py */ = {isa = PBXFileReference; lastKnownFileType = text.script.python; path = template.py; sourceTree = "<group>"; };
		EC5449CF249473F3000BB8A2 /* tests.py */ = {isa = PBXFileReference; lastKnownFileType = text.script.python; path = tests.py; sourceTree = "<group>"; };
		EC5449D124947438000BB8A2 /* __init__.py */ = {isa = PBXFileReference; lastKnownFileType = text.script.python; path = __init__.py; sourceTree = "<group>"; };
		EC5449D22494746A000BB8A2 /* base.py */ = {isa = PBXFileReference; lastKnownFileType = text.script.python; path = base.py; sourceTree = "<group>"; };
		EC5449D3249474E4000BB8A2 /* errors.py */ = {isa = PBXFileReference; lastKnownFileType = text.script.python; path = errors.py; sourceTree = "<group>"; };
		EC5449D424947514000BB8A2 /* generic.py */ = {isa = PBXFileReference; lastKnownFileType = text.script.python; path = generic.py; sourceTree = "<group>"; };
		EC5449D52494754C000BB8A2 /* zip.py */ = {isa = PBXFileReference; lastKnownFileType = text.script.python; path = zip.py; sourceTree = "<group>"; };
		EC5449D724947625000BB8A2 /* signals.py */ = {isa = PBXFileReference; lastKnownFileType = text.script.python; path = signals.py; sourceTree = "<group>"; };
		EC5449D9249476FB000BB8A2 /* logger.py */ = {isa = PBXFileReference; lastKnownFileType = text.script.python; path = logger.py; sourceTree = "<group>"; };
		EC5449DA249477AF000BB8A2 /* logging_mule.py */ = {isa = PBXFileReference; lastKnownFileType = text.script.python; path = logging_mule.py; sourceTree = "<group>"; };
		ECBCB0A824980A6E0097C2FA /* README.rst */ = {isa = PBXFileReference; lastKnownFileType = text; path = README.rst; sourceTree = "<group>"; };
		ECBCB0A92498175D0097C2FA /* LICENSE */ = {isa = PBXFileReference; lastKnownFileType = text; path = LICENSE; sourceTree = "<group>"; };
		ECBCB0AA249817C90097C2FA /* setup.cfg */ = {isa = PBXFileReference; lastKnownFileType = text; path = setup.cfg; sourceTree = "<group>"; };
		ECBCB0AB249818A20097C2FA /* setup.py */ = {isa = PBXFileReference; lastKnownFileType = text.script.python; path = setup.py; sourceTree = "<group>"; };
		ECBCB0AC249818D40097C2FA /* MANIFEST.in */ = {isa = PBXFileReference; lastKnownFileType = text; path = MANIFEST.in; sourceTree = "<group>"; };
		ECBCB0AF2498795C0097C2FA /* __init__.py */ = {isa = PBXFileReference; lastKnownFileType = text.script.python; path = __init__.py; sourceTree = "<group>"; };
		ECBCB0B0249879740097C2FA /* admin.py */ = {isa = PBXFileReference; lastKnownFileType = text.script.python; path = admin.py; sourceTree = "<group>"; };
		ECBCB0B12498798E0097C2FA /* apps.py */ = {isa = PBXFileReference; lastKnownFileType = text.script.python; path = apps.py; sourceTree = "<group>"; };
		ECBCB0B4249879CA0097C2FA /* logging.sql */ = {isa = PBXFileReference; lastKnownFileType = text; path = logging.sql; sourceTree = "<group>"; };
		ECBCB0B924987AC00097C2FA /* __init__.py */ = {isa = PBXFileReference; lastKnownFileType = text.script.python; path = __init__.py; sourceTree = "<group>"; };
		ECBCB0BB24988A8E0097C2FA /* __init__.py */ = {isa = PBXFileReference; lastKnownFileType = text.script.python; path = __init__.py; sourceTree = "<group>"; };
		ECBCB0BC24988B0B0097C2FA /* views.py */ = {isa = PBXFileReference; lastKnownFileType = text.script.python; path = views.py; sourceTree = "<group>"; };
		ECBCB0BE249891F50097C2FA /* __init__.py */ = {isa = PBXFileReference; lastKnownFileType = text.script.python; path = __init__.py; sourceTree = "<group>"; };
		ECBCB0BF2498920F0097C2FA /* admin.py */ = {isa = PBXFileReference; lastKnownFileType = text.script.python; path = admin.py; sourceTree = "<group>"; };
		ECBCB0C02498923A0097C2FA /* iso15924-utf8-20190819.txt */ = {isa = PBXFileReference; lastKnownFileType = text; path = "iso15924-utf8-20190819.txt"; sourceTree = "<group>"; };
		ECBCB0C3249892740097C2FA /* iso-639-3_20200130.tab */ = {isa = PBXFileReference; lastKnownFileType = text; path = "iso-639-3_20200130.tab"; sourceTree = "<group>"; };
		ECBCB0C4249892CB0097C2FA /* iso-639-3_Name_Index_20200130.tab */ = {isa = PBXFileReference; lastKnownFileType = text; path = "iso-639-3_Name_Index_20200130.tab"; sourceTree = "<group>"; };
		ECBCB0C5249892E90097C2FA /* iso-639-3_Retirements_20200130.tab */ = {isa = PBXFileReference; lastKnownFileType = text; path = "iso-639-3_Retirements_20200130.tab"; sourceTree = "<group>"; };
		ECBCB0C6249892FD0097C2FA /* iso-639-3-macrolanguages_20200130.tab */ = {isa = PBXFileReference; lastKnownFileType = text; path = "iso-639-3-macrolanguages_20200130.tab"; sourceTree = "<group>"; };
		ECBCB0C7249893230097C2FA /* apps.py */ = {isa = PBXFileReference; lastKnownFileType = text.script.python; path = apps.py; sourceTree = "<group>"; };
		ECBCB0C9249893600097C2FA /* __init__.py */ = {isa = PBXFileReference; lastKnownFileType = text.script.python; path = __init__.py; sourceTree = "<group>"; };
		ECBCB0CB2498937D0097C2FA /* __init__.py */ = {isa = PBXFileReference; lastKnownFileType = text.script.python; path = __init__.py; sourceTree = "<group>"; };
		ECBCB0CC249893910097C2FA /* import_country_codes.py */ = {isa = PBXFileReference; lastKnownFileType = text.script.python; path = import_country_codes.py; sourceTree = "<group>"; };
		ECBCB0CD249893A20097C2FA /* import_iso_script_codes.py */ = {isa = PBXFileReference; lastKnownFileType = text.script.python; path = import_iso_script_codes.py; sourceTree = "<group>"; };
		ECBCB0CF249893DB0097C2FA /* import_sil_language_data.py */ = {isa = PBXFileReference; lastKnownFileType = text.script.python; path = import_sil_language_data.py; sourceTree = "<group>"; };
		ECBCB0D0249893F00097C2FA /* import_subdivisions.py */ = {isa = PBXFileReference; lastKnownFileType = text.script.python; path = import_subdivisions.py; sourceTree = "<group>"; };
		ECBCB0D22498956F0097C2FA /* __init__.py */ = {isa = PBXFileReference; lastKnownFileType = text.script.python; path = __init__.py; sourceTree = "<group>"; };
		ECBCB0D5249895B50097C2FA /* __init__.py */ = {isa = PBXFileReference; lastKnownFileType = text.script.python; path = __init__.py; sourceTree = "<group>"; };
		ECBCB0D6249895C40097C2FA /* countries.py */ = {isa = PBXFileReference; lastKnownFileType = text.script.python; path = countries.py; sourceTree = "<group>"; };
		ECBCB0D7249895D00097C2FA /* language.py */ = {isa = PBXFileReference; lastKnownFileType = text.script.python; path = language.py; sourceTree = "<group>"; };
		ECBCB0D8249895E40097C2FA /* locale.py */ = {isa = PBXFileReference; lastKnownFileType = text.script.python; path = locale.py; sourceTree = "<group>"; };
		ECBCB0D9249895F00097C2FA /* scripts.py */ = {isa = PBXFileReference; lastKnownFileType = text.script.python; path = scripts.py; sourceTree = "<group>"; };
		ECBCB0DA249968FB0097C2FA /* .gitignore */ = {isa = PBXFileReference; lastKnownFileType = text; path = .gitignore; sourceTree = "<group>"; };
		ECBCB0DB249976A10097C2FA /* requirements.txt */ = {isa = PBXFileReference; lastKnownFileType = text; path = requirements.txt; sourceTree = "<group>"; };
		ECBCB0DD2499A29D0097C2FA /* project.py */ = {isa = PBXFileReference; lastKnownFileType = text.script.python; path = project.py; sourceTree = "<group>"; };
		ECBCB0DE2499A78B0097C2FA /* 0001_initial.py */ = {isa = PBXFileReference; lastKnownFileType = text.script.python; path = 0001_initial.py; sourceTree = "<group>"; };
		ECBCB0DF2499A8120097C2FA /* 0001_initial.py */ = {isa = PBXFileReference; lastKnownFileType = text.script.python; path = 0001_initial.py; sourceTree = "<group>"; };
		ECBCB0E0249AA8C80097C2FA /* createapp.py */ = {isa = PBXFileReference; lastKnownFileType = text.script.python; path = createapp.py; sourceTree = "<group>"; };
		ECBCB0E5249AD8110097C2FA /* __init__.py-tpl */ = {isa = PBXFileReference; lastKnownFileType = text; path = "__init__.py-tpl"; sourceTree = "<group>"; };
		ECBCB0E6249AD81D0097C2FA /* __init__.py-tpl */ = {isa = PBXFileReference; lastKnownFileType = text; path = "__init__.py-tpl"; sourceTree = "<group>"; };
		ECBCB0E7249AD82C0097C2FA /* __init__.py-tpl */ = {isa = PBXFileReference; lastKnownFileType = text; path = "__init__.py-tpl"; sourceTree = "<group>"; };
		ECBCB0E8249AD84E0097C2FA /* manage.py-tpl */ = {isa = PBXFileReference; lastKnownFileType = text; path = "manage.py-tpl"; sourceTree = "<group>"; };
		ECBCB0E9249AD86C0097C2FA /* asgi.py-tpl */ = {isa = PBXFileReference; lastKnownFileType = text; path = "asgi.py-tpl"; sourceTree = "<group>"; };
		ECBCB0EA249AD8750097C2FA /* wsgi.py-tpl */ = {isa = PBXFileReference; lastKnownFileType = text; path = "wsgi.py-tpl"; sourceTree = "<group>"; };
		ECBCB0EB249AD8CB0097C2FA /* urls.py-tpl */ = {isa = PBXFileReference; lastKnownFileType = text; path = "urls.py-tpl"; sourceTree = "<group>"; };
		ECBCB0EC249AD8DA0097C2FA /* settings.py-tpl */ = {isa = PBXFileReference; lastKnownFileType = text; path = "settings.py-tpl"; sourceTree = "<group>"; };
		ECBCB0ED249AD9320097C2FA /* admin.py-tpl */ = {isa = PBXFileReference; lastKnownFileType = text; path = "admin.py-tpl"; sourceTree = "<group>"; };
		ECBCB0EE249AD94C0097C2FA /* apps.py-tpl */ = {isa = PBXFileReference; lastKnownFileType = text; path = "apps.py-tpl"; sourceTree = "<group>"; };
		ECBCB0EF249AD9820097C2FA /* models.py-tpl */ = {isa = PBXFileReference; lastKnownFileType = text; path = "models.py-tpl"; sourceTree = "<group>"; };
		ECBCB0F0249AD9950097C2FA /* test.py-tpl */ = {isa = PBXFileReference; lastKnownFileType = text; path = "test.py-tpl"; sourceTree = "<group>"; };
		ECBCB0F1249AD9A20097C2FA /* views.py-tpl */ = {isa = PBXFileReference; lastKnownFileType = text; path = "views.py-tpl"; sourceTree = "<group>"; };
		ECBCB0F2249C73E70097C2FA /* .gitignore */ = {isa = PBXFileReference; lastKnownFileType = text; path = .gitignore; sourceTree = "<group>"; };
		ECBCB0F4249D41470097C2FA /* requirements.txt */ = {isa = PBXFileReference; lastKnownFileType = text; path = requirements.txt; sourceTree = "<group>"; };
		ECBCB0F5249D5BE70097C2FA /* .env-tpl */ = {isa = PBXFileReference; lastKnownFileType = text; path = ".env-tpl"; sourceTree = "<group>"; };
/* End PBXFileReference section */

/* Begin PBXGroup section */
		EC54499724935D54000BB8A2 = {
			isa = PBXGroup;
			children = (
				ECBCB0DA249968FB0097C2FA /* .gitignore */,
				EC54499E24946640000BB8A2 /* mozumder */,
				ECBCB0AD2498191D0097C2FA /* docs */,
				ECBCB0AC249818D40097C2FA /* MANIFEST.in */,
				ECBCB0A824980A6E0097C2FA /* README.rst */,
				ECBCB0A92498175D0097C2FA /* LICENSE */,
				ECBCB0DB249976A10097C2FA /* requirements.txt */,
				ECBCB0AA249817C90097C2FA /* setup.cfg */,
				ECBCB0AB249818A20097C2FA /* setup.py */,
			);
			sourceTree = "<group>";
		};
		EC54499E24946640000BB8A2 /* mozumder */ = {
			isa = PBXGroup;
			children = (
				EC54499F249466C2000BB8A2 /* __init__.py */,
				EC5449A024946722000BB8A2 /* apps.py */,
				ECBCB0AE2498770C0097C2FA /* analytics */,
				EC5449A124946770000BB8A2 /* db */,
				ECBCB0BD249891D30097C2FA /* i18n */,
				EC5449A22494677E000BB8A2 /* include */,
				EC5449AA249468A9000BB8A2 /* management */,
				EC5449B624946CB2000BB8A2 /* middleware.py */,
				EC5449B724946CDB000BB8A2 /* migrations */,
				EC5449BB24946D9F000BB8A2 /* models */,
				EC5449C12494716F000BB8A2 /* template */,
				EC5449CF249473F3000BB8A2 /* tests.py */,
				EC5449D02494740A000BB8A2 /* views */,
			);
			path = mozumder;
			sourceTree = "<group>";
		};
		EC5449A124946770000BB8A2 /* db */ = {
			isa = PBXGroup;
			children = (
				EC5449A624946815000BB8A2 /* materializedviewe */,
				EC5449A4249467B7000BB8A2 /* __init__.py */,
			);
			path = db;
			sourceTree = "<group>";
		};
		EC5449A22494677E000BB8A2 /* include */ = {
			isa = PBXGroup;
			children = (
				ECBCB0E2249AD7BB0097C2FA /* app_template */,
				ECBCB0E1249AD7A40097C2FA /* project_template */,
				EC5449A3249467A2000BB8A2 /* sql */,
			);
			path = include;
			sourceTree = "<group>";
		};
		EC5449A3249467A2000BB8A2 /* sql */ = {
			isa = PBXGroup;
			children = (
				EC5449A5249467DE000BB8A2 /* utilities.sql */,
			);
			path = sql;
			sourceTree = "<group>";
		};
		EC5449A624946815000BB8A2 /* materializedviewe */ = {
			isa = PBXGroup;
			children = (
				EC5449A72494682B000BB8A2 /* __init__.py */,
				EC5449A824946847000BB8A2 /* fields.py */,
				EC5449A92494685C000BB8A2 /* materializedviews.py */,
			);
			path = materializedviewe;
			sourceTree = "<group>";
		};
		EC5449AA249468A9000BB8A2 /* management */ = {
			isa = PBXGroup;
			children = (
				EC5449AD249468CF000BB8A2 /* __init__.py */,
				ECBCB0DD2499A29D0097C2FA /* project.py */,
				EC5449AB249468B4000BB8A2 /* commands */,
				EC5449AC249468BD000BB8A2 /* utilities */,
			);
			path = management;
			sourceTree = "<group>";
		};
		EC5449AB249468B4000BB8A2 /* commands */ = {
			isa = PBXGroup;
			children = (
				EC5449AE249468E6000BB8A2 /* __init__.py */,
				EC5449B024946910000BB8A2 /* cache.py */,
				EC5449B124946930000BB8A2 /* listpreparedstatements.py */,
				EC5449B224946956000BB8A2 /* materializedviews.py */,
				EC5449B324946974000BB8A2 /* triggers.py */,
				ECBCB0E0249AA8C80097C2FA /* createapp.py */,
			);
			path = commands;
			sourceTree = "<group>";
		};
		EC5449AC249468BD000BB8A2 /* utilities */ = {
			isa = PBXGroup;
			children = (
				EC5449AF249468F3000BB8A2 /* __init__.py */,
				EC5449B4249469DF000BB8A2 /* cache_mule.py */,
				EC5449B524946A1F000BB8A2 /* invalidator.py */,
			);
			path = utilities;
			sourceTree = "<group>";
		};
		EC5449B724946CDB000BB8A2 /* migrations */ = {
			isa = PBXGroup;
			children = (
				EC5449B824946CEF000BB8A2 /* __init__.py */,
			);
			path = migrations;
			sourceTree = "<group>";
		};
		EC5449BB24946D9F000BB8A2 /* models */ = {
			isa = PBXGroup;
			children = (
				EC5449BD24946DC5000BB8A2 /* __init__.py */,
			);
			path = models;
			sourceTree = "<group>";
		};
		EC5449C12494716F000BB8A2 /* template */ = {
			isa = PBXGroup;
			children = (
				EC5449C2249471A7000BB8A2 /* __init__.py */,
				EC5449C3249471C8000BB8A2 /* components */,
				EC5449CA2494728C000BB8A2 /* context_processors */,
				EC5449CC249472BD000BB8A2 /* default.py */,
				EC5449CD2494734A000BB8A2 /* errors.py */,
				EC5449CE2494737D000BB8A2 /* template.py */,
			);
			path = template;
			sourceTree = "<group>";
		};
		EC5449C3249471C8000BB8A2 /* components */ = {
			isa = PBXGroup;
			children = (
				EC5449C4249471DC000BB8A2 /* __init__.py */,
				EC5449C5249471F3000BB8A2 /* component.py */,
				EC5449C6249471FE000BB8A2 /* components.py */,
				EC5449C724947211000BB8A2 /* div.py */,
				EC5449C82494721F000BB8A2 /* raw.py */,
				EC5449C92494722E000BB8A2 /* table.py */,
			);
			path = components;
			sourceTree = "<group>";
		};
		EC5449CA2494728C000BB8A2 /* context_processors */ = {
			isa = PBXGroup;
			children = (
				EC5449CB249472A3000BB8A2 /* __init__.py */,
			);
			path = context_processors;
			sourceTree = "<group>";
		};
		EC5449D02494740A000BB8A2 /* views */ = {
			isa = PBXGroup;
			children = (
				EC5449D124947438000BB8A2 /* __init__.py */,
				EC5449D22494746A000BB8A2 /* base.py */,
				EC5449D3249474E4000BB8A2 /* errors.py */,
				EC5449D424947514000BB8A2 /* generic.py */,
				EC5449D52494754C000BB8A2 /* zip.py */,
			);
			path = views;
			sourceTree = "<group>";
		};
		ECBCB0AD2498191D0097C2FA /* docs */ = {
			isa = PBXGroup;
			children = (
			);
			path = docs;
			sourceTree = "<group>";
		};
		ECBCB0AE2498770C0097C2FA /* analytics */ = {
			isa = PBXGroup;
			children = (
				ECBCB0AF2498795C0097C2FA /* __init__.py */,
				ECBCB0B0249879740097C2FA /* admin.py */,
				ECBCB0B12498798E0097C2FA /* apps.py */,
				EC5449D724947625000BB8A2 /* signals.py */,
				ECBCB0BC24988B0B0097C2FA /* views.py */,
				ECBCB0B2249879A30097C2FA /* include */,
				ECBCB0BA24988A810097C2FA /* migrations */,
				ECBCB0B824987AA10097C2FA /* models */,
				ECBCB0B724987A610097C2FA /* utilities */,
			);
			path = analytics;
			sourceTree = "<group>";
		};
		ECBCB0B2249879A30097C2FA /* include */ = {
			isa = PBXGroup;
			children = (
				ECBCB0B3249879B70097C2FA /* sql */,
			);
			path = include;
			sourceTree = "<group>";
		};
		ECBCB0B3249879B70097C2FA /* sql */ = {
			isa = PBXGroup;
			children = (
				ECBCB0B4249879CA0097C2FA /* logging.sql */,
			);
			path = sql;
			sourceTree = "<group>";
		};
		ECBCB0B724987A610097C2FA /* utilities */ = {
			isa = PBXGroup;
			children = (
				EC5449D9249476FB000BB8A2 /* logger.py */,
				EC5449DA249477AF000BB8A2 /* logging_mule.py */,
			);
			path = utilities;
			sourceTree = "<group>";
		};
		ECBCB0B824987AA10097C2FA /* models */ = {
			isa = PBXGroup;
			children = (
				ECBCB0B924987AC00097C2FA /* __init__.py */,
				EC5449BF24946E05000BB8A2 /* logging.py */,
			);
			path = models;
			sourceTree = "<group>";
		};
		ECBCB0BA24988A810097C2FA /* migrations */ = {
			isa = PBXGroup;
			children = (
				ECBCB0BB24988A8E0097C2FA /* __init__.py */,
				ECBCB0DE2499A78B0097C2FA /* 0001_initial.py */,
			);
			path = migrations;
			sourceTree = "<group>";
		};
		ECBCB0BD249891D30097C2FA /* i18n */ = {
			isa = PBXGroup;
			children = (
				ECBCB0BE249891F50097C2FA /* __init__.py */,
				ECBCB0BF2498920F0097C2FA /* admin.py */,
				ECBCB0C7249893230097C2FA /* apps.py */,
				ECBCB0C8249893500097C2FA /* management */,
				ECBCB0D3249895870097C2FA /* models */,
				ECBCB0D1249895620097C2FA /* migrations */,
				ECBCB0C12498924E0097C2FA /* fixtures */,
			);
			path = i18n;
			sourceTree = "<group>";
		};
		ECBCB0C12498924E0097C2FA /* fixtures */ = {
			isa = PBXGroup;
			children = (
				ECBCB0C22498925B0097C2FA /* iso-639-3_Code_Tables_20200130 */,
				ECBCB0C02498923A0097C2FA /* iso15924-utf8-20190819.txt */,
			);
			path = fixtures;
			sourceTree = "<group>";
		};
		ECBCB0C22498925B0097C2FA /* iso-639-3_Code_Tables_20200130 */ = {
			isa = PBXGroup;
			children = (
				ECBCB0C3249892740097C2FA /* iso-639-3_20200130.tab */,
				ECBCB0C4249892CB0097C2FA /* iso-639-3_Name_Index_20200130.tab */,
				ECBCB0C5249892E90097C2FA /* iso-639-3_Retirements_20200130.tab */,
				ECBCB0C6249892FD0097C2FA /* iso-639-3-macrolanguages_20200130.tab */,
			);
			path = "iso-639-3_Code_Tables_20200130";
			sourceTree = "<group>";
		};
		ECBCB0C8249893500097C2FA /* management */ = {
			isa = PBXGroup;
			children = (
				ECBCB0CA249893640097C2FA /* commands */,
				ECBCB0C9249893600097C2FA /* __init__.py */,
			);
			path = management;
			sourceTree = "<group>";
		};
		ECBCB0CA249893640097C2FA /* commands */ = {
			isa = PBXGroup;
			children = (
				ECBCB0CB2498937D0097C2FA /* __init__.py */,
				ECBCB0CC249893910097C2FA /* import_country_codes.py */,
				ECBCB0CD249893A20097C2FA /* import_iso_script_codes.py */,
				ECBCB0CF249893DB0097C2FA /* import_sil_language_data.py */,
				ECBCB0D0249893F00097C2FA /* import_subdivisions.py */,
			);
			path = commands;
			sourceTree = "<group>";
		};
		ECBCB0D1249895620097C2FA /* migrations */ = {
			isa = PBXGroup;
			children = (
				ECBCB0D22498956F0097C2FA /* __init__.py */,
				ECBCB0DF2499A8120097C2FA /* 0001_initial.py */,
			);
			path = migrations;
			sourceTree = "<group>";
		};
		ECBCB0D3249895870097C2FA /* models */ = {
			isa = PBXGroup;
			children = (
				ECBCB0D5249895B50097C2FA /* __init__.py */,
				ECBCB0D6249895C40097C2FA /* countries.py */,
				ECBCB0D7249895D00097C2FA /* language.py */,
				ECBCB0D8249895E40097C2FA /* locale.py */,
				ECBCB0D9249895F00097C2FA /* scripts.py */,
			);
			path = models;
			sourceTree = "<group>";
		};
		ECBCB0E1249AD7A40097C2FA /* project_template */ = {
			isa = PBXGroup;
			children = (
				ECBCB0E4249AD7F70097C2FA /* project_name */,
				ECBCB0E8249AD84E0097C2FA /* manage.py-tpl */,
				ECBCB0F2249C73E70097C2FA /* .gitignore */,
				ECBCB0F4249D41470097C2FA /* requirements.txt */,
				ECBCB0F5249D5BE70097C2FA /* .env-tpl */,
			);
			path = project_template;
			sourceTree = "<group>";
		};
		ECBCB0E2249AD7BB0097C2FA /* app_template */ = {
			isa = PBXGroup;
			children = (
				ECBCB0E3249AD7E20097C2FA /* migrations */,
				ECBCB0E6249AD81D0097C2FA /* __init__.py-tpl */,
				ECBCB0ED249AD9320097C2FA /* admin.py-tpl */,
				ECBCB0EE249AD94C0097C2FA /* apps.py-tpl */,
				ECBCB0EF249AD9820097C2FA /* models.py-tpl */,
				ECBCB0F0249AD9950097C2FA /* test.py-tpl */,
				ECBCB0F1249AD9A20097C2FA /* views.py-tpl */,
			);
			path = app_template;
			sourceTree = "<group>";
		};
		ECBCB0E3249AD7E20097C2FA /* migrations */ = {
			isa = PBXGroup;
			children = (
				ECBCB0E7249AD82C0097C2FA /* __init__.py-tpl */,
			);
			path = migrations;
			sourceTree = "<group>";
		};
		ECBCB0E4249AD7F70097C2FA /* project_name */ = {
			isa = PBXGroup;
			children = (
				ECBCB0E5249AD8110097C2FA /* __init__.py-tpl */,
				ECBCB0E9249AD86C0097C2FA /* asgi.py-tpl */,
				ECBCB0EA249AD8750097C2FA /* wsgi.py-tpl */,
				ECBCB0EB249AD8CB0097C2FA /* urls.py-tpl */,
				ECBCB0EC249AD8DA0097C2FA /* settings.py-tpl */,
			);
			path = project_name;
			sourceTree = "<group>";
		};
/* End PBXGroup section */

/* Begin PBXProject section */
		EC54499824935D54000BB8A2 /* Project object */ = {
			isa = PBXProject;
			attributes = {
				LastUpgradeCheck = 1150;
			};
			buildConfigurationList = EC54499B24935D54000BB8A2 /* Build configuration list for PBXProject "django-mozumder" */;
			compatibilityVersion = "Xcode 9.3";
			developmentRegion = en;
			hasScannedForEncodings = 0;
			knownRegions = (
				en,
				Base,
			);
			mainGroup = EC54499724935D54000BB8A2;
			projectDirPath = "";
			projectRoot = "";
			targets = (
			);
		};
/* End PBXProject section */

/* Begin XCBuildConfiguration section */
		EC54499C24935D54000BB8A2 /* Debug */ = {
			isa = XCBuildConfiguration;
			buildSettings = {
			};
			name = Debug;
		};
		EC54499D24935D54000BB8A2 /* Release */ = {
			isa = XCBuildConfiguration;
			buildSettings = {
			};
			name = Release;
		};
/* End XCBuildConfiguration section */

/* Begin XCConfigurationList section */
		EC54499B24935D54000BB8A2 /* Build configuration list for PBXProject "django-mozumder" */ = {
			isa = XCConfigurationList;
			buildConfigurations = (
				EC54499C24935D54000BB8A2 /* Debug */,
				EC54499D24935D54000BB8A2 /* Release */,
			);
			defaultConfigurationIsVisible = 0;
			defaultConfigurationName = Release;
		};
/* End XCConfigurationList section */
	};
	rootObject = EC54499824935D54000BB8A2 /* Project object */;
}
